
Microsoft Visual Studio Solution File, Format Version 12.00
# Visual Studio Version 16
VisualStudioVersion = 16.0.30621.155
MinimumVisualStudioVersion = 10.0.40219.1
Project("{FAE04EC0-301F-11D3-BF4B-00C04F79EFBC}") = "Arethmetic", "Arethmetic\Arethmetic.csproj", "{9116FB99-8089-41CD-AACC-E6A10D43A2B1}"
EndProject
Global
	GlobalSection(SolutionConfigurationPlatforms) = preSolution
		Debug|Any CPU = Debug|Any CPU
		Release|Any CPU = Release|Any CPU
	EndGlobalSection
	GlobalSection(ProjectConfigurationPlatforms) = postSolution
		{9116FB99-8089-41CD-AACC-E6A10D43A2B1}.Debug|Any CPU.ActiveCfg = Debug|Any CPU
		{9116FB99-8089-41CD-AACC-E6A10D43A2B1}.Debug|Any CPU.Build.0 = Debug|Any CPU
		{9116FB99-8089-41CD-AACC-E6A10D43A2B1}.Release|Any CPU.ActiveCfg = Release|Any CPU
		{9116FB99-8089-41CD-AACC-E6A10D43A2B1}.Release|Any CPU.Build.0 = Release|Any CPU
	EndGlobalSection
	GlobalSection(SolutionProperties) = preSolution
		HideSolutionNode = FALSE
	EndGlobalSection
	GlobalSection(ExtensibilityGlobals) = postSolution
		SolutionGuid = {2764ED38-0ED1-4BD9-A43C-D1C898CA8B64}
	EndGlobalSection
EndGlobal
